
Microsoft Visual Studio Solution File, Format Version 12.00
# Visual Studio Version 16
VisualStudioVersion = 16.0.31624.102
MinimumVisualStudioVersion = 10.0.40219.1
Project("{8BC9CEB8-8B4A-11D0-8D11-00A0C91BC942}") = "Самьостоятельная работа 2", "Самьостоятельная работа 2\Самьостоятельная работа 2.vcxproj", "{C57CBFBC-59CF-4929-B980-D318D4FC22D2}"
EndProject
Project("{8BC9CEB8-8B4A-11D0-8D11-00A0C91BC942}") = "2 задание", "2 задание\2 задание.vcxproj", "{7EB30E7A-8AD2-4C4F-B26A-10AFF51F9D7B}"
EndProject
Project("{8BC9CEB8-8B4A-11D0-8D11-00A0C91BC942}") = "3 задание", "3 задание\3 задание.vcxproj", "{D46BB6B9-0981-4E51-B6DC-99BBFED64CB5}"
EndProject
Global
	GlobalSection(SolutionConfigurationPlatforms) = preSolution
		Debug|x64 = Debug|x64
		Debug|x86 = Debug|x86
		Release|x64 = Release|x64
		Release|x86 = Release|x86
	EndGlobalSection
	GlobalSection(ProjectConfigurationPlatforms) = postSolution
		{C57CBFBC-59CF-4929-B980-D318D4FC22D2}.Debug|x64.ActiveCfg = Debug|x64
		{C57CBFBC-59CF-4929-B980-D318D4FC22D2}.Debug|x64.Build.0 = Debug|x64
		{C57CBFBC-59CF-4929-B980-D318D4FC22D2}.Debug|x86.ActiveCfg = Debug|Win32
		{C57CBFBC-59CF-4929-B980-D318D4FC22D2}.Debug|x86.Build.0 = Debug|Win32
		{C57CBFBC-59CF-4929-B980-D318D4FC22D2}.Release|x64.ActiveCfg = Release|x64
		{C57CBFBC-59CF-4929-B980-D318D4FC22D2}.Release|x64.Build.0 = Release|x64
		{C57CBFBC-59CF-4929-B980-D318D4FC22D2}.Release|x86.ActiveCfg = Release|Win32
		{C57CBFBC-59CF-4929-B980-D318D4FC22D2}.Release|x86.Build.0 = Release|Win32
		{7EB30E7A-8AD2-4C4F-B26A-10AFF51F9D7B}.Debug|x64.ActiveCfg = Debug|x64
		{7EB30E7A-8AD2-4C4F-B26A-10AFF51F9D7B}.Debug|x64.Build.0 = Debug|x64
		{7EB30E7A-8AD2-4C4F-B26A-10AFF51F9D7B}.Debug|x86.ActiveCfg = Debug|Win32
		{7EB30E7A-8AD2-4C4F-B26A-10AFF51F9D7B}.Debug|x86.Build.0 = Debug|Win32
		{7EB30E7A-8AD2-4C4F-B26A-10AFF51F9D7B}.Release|x64.ActiveCfg = Release|x64
		{7EB30E7A-8AD2-4C4F-B26A-10AFF51F9D7B}.Release|x64.Build.0 = Release|x64
		{7EB30E7A-8AD2-4C4F-B26A-10AFF51F9D7B}.Release|x86.ActiveCfg = Release|Win32
		{7EB30E7A-8AD2-4C4F-B26A-10AFF51F9D7B}.Release|x86.Build.0 = Release|Win32
		{D46BB6B9-0981-4E51-B6DC-99BBFED64CB5}.Debug|x64.ActiveCfg = Debug|x64
		{D46BB6B9-0981-4E51-B6DC-99BBFED64CB5}.Debug|x64.Build.0 = Debug|x64
		{D46BB6B9-0981-4E51-B6DC-99BBFED64CB5}.Debug|x86.ActiveCfg = Debug|Win32
		{D46BB6B9-0981-4E51-B6DC-99BBFED64CB5}.Debug|x86.Build.0 = Debug|Win32
		{D46BB6B9-0981-4E51-B6DC-99BBFED64CB5}.Release|x64.ActiveCfg = Release|x64
		{D46BB6B9-0981-4E51-B6DC-99BBFED64CB5}.Release|x64.Build.0 = Release|x64
		{D46BB6B9-0981-4E51-B6DC-99BBFED64CB5}.Release|x86.ActiveCfg = Release|Win32
		{D46BB6B9-0981-4E51-B6DC-99BBFED64CB5}.Release|x86.Build.0 = Release|Win32
	EndGlobalSection
	GlobalSection(SolutionProperties) = preSolution
		HideSolutionNode = FALSE
	EndGlobalSection
	GlobalSection(ExtensibilityGlobals) = postSolution
		SolutionGuid = {48109EB6-8B29-4899-BFCA-74557BC39514}
	EndGlobalSection
EndGlobal
